// !$*UTF8*$!
{
	archiveVersion = 1;
	classes = {
	};
	objectVersion = 46;
	objects = {

/* Begin PBXBuildFile section */
		DAD82B3B1C2BF3DC006EE7E9 /* main.m in Sources */ = {isa = PBXBuildFile; fileRef = DAD82B3A1C2BF3DC006EE7E9 /* main.m */; };
		DAD82B3E1C2BF3DC006EE7E9 /* AppDelegate.m in Sources */ = {isa = PBXBuildFile; fileRef = DAD82B3D1C2BF3DC006EE7E9 /* AppDelegate.m */; };
		DAD82B411C2BF3DC006EE7E9 /* ViewController.m in Sources */ = {isa = PBXBuildFile; fileRef = DAD82B401C2BF3DC006EE7E9 /* ViewController.m */; };
		DAD82B441C2BF3DC006EE7E9 /* Main.storyboard in Resources */ = {isa = PBXBuildFile; fileRef = DAD82B421C2BF3DC006EE7E9 /* Main.storyboard */; };
		DAD82B461C2BF3DC006EE7E9 /* Assets.xcassets in Resources */ = {isa = PBXBuildFile; fileRef = DAD82B451C2BF3DC006EE7E9 /* Assets.xcassets */; };
		DAD82B491C2BF3DC006EE7E9 /* LaunchScreen.storyboard in Resources */ = {isa = PBXBuildFile; fileRef = DAD82B471C2BF3DC006EE7E9 /* LaunchScreen.storyboard */; };
/* End PBXBuildFile section */

/* Begin PBXFileReference section */
		DAD82B361C2BF3DC006EE7E9 /* UIResponderBug.app */ = {isa = PBXFileReference; explicitFileType = wrapper.application; includeInIndex = 0; path = UIResponderBug.app; sourceTree = BUILT_PRODUCTS_DIR; };
		DAD82B3A1C2BF3DC006EE7E9 /* main.m */ = {isa = PBXFileReference; lastKnownFileType = sourcecode.c.objc; path = main.m; sourceTree = "<group>"; };
		DAD82B3C1C2BF3DC006EE7E9 /* AppDelegate.h */ = {isa = PBXFileReference; lastKnownFileType = sourcecode.c.h; path = AppDelegate.h; sourceTree = "<group>"; };
		DAD82B3D1C2BF3DC006EE7E9 /* AppDelegate.m */ = {isa = PBXFileReference; lastKnownFileType = sourcecode.c.objc; path = AppDelegate.m; sourceTree = "<group>"; };
		DAD82B3F1C2BF3DC006EE7E9 /* ViewController.h */ = {isa = PBXFileReference; lastKnownFileType = sourcecode.c.h; path = ViewController.h; sourceTree = "<group>"; };
		DAD82B401C2BF3DC006EE7E9 /* ViewController.m */ = {isa = PBXFileReference; lastKnownFileType = sourcecode.c.objc; path = ViewController.m; sourceTree = "<group>"; };
		DAD82B431C2BF3DC006EE7E9 /* Base */ = {isa = PBXFileReference; lastKnownFileType = file.storyboard; name = Base; path = Base.lproj/Main.storyboard; sourceTree = "<group>"; };
		DAD82B451C2BF3DC006EE7E9 /* Assets.xcassets */ = {isa = PBXFileReference; lastKnownFileType = folder.assetcatalog; path = Assets.xcassets; sourceTree = "<group>"; };
		DAD82B481C2BF3DC006EE7E9 /* Base */ = {isa = PBXFileReference; lastKnownFileType = file.storyboard; name = Base; path = Base.lproj/LaunchScreen.storyboard; sourceTree = "<group>"; };
		DAD82B4A1C2BF3DC006EE7E9 /* Info.plist */ = {isa = PBXFileReference; lastKnownFileType = text.plist.xml; path = Info.plist; sourceTree = "<group>"; };
/* End PBXFileReference section */

/* Begin PBXFrameworksBuildPhase section */
		DAD82B331C2BF3DC006EE7E9 /* Frameworks */ = {
			isa = PBXFrameworksBuildPhase;
			buildActionMask = 2147483647;
			files = (
			);
			runOnlyForDeploymentPostprocessing = 0;
		};
/* End PBXFrameworksBuildPhase section */

/* Begin PBXGroup section */
		DAD82B2D1C2BF3DC006EE7E9 = {
			isa = PBXGroup;
			children = (
				DAD82B381C2BF3DC006EE7E9 /* UIResponderBug */,
				DAD82B371C2BF3DC006EE7E9 /* Products */,
			);
			sourceTree = "<group>";
		};
		DAD82B371C2BF3DC006EE7E9 /* Products */ = {
			isa = PBXGroup;
			children = (
				DAD82B361C2BF3DC006EE7E9 /* UIResponderBug.app */,
			);
			name = Products;
			sourceTree = "<group>";
		};
		DAD82B381C2BF3DC006EE7E9 /* UIResponderBug */ = {
			isa = PBXGroup;
			children = (
				DAD82B3C1C2BF3DC006EE7E9 /* AppDelegate.h */,
				DAD82B3D1C2BF3DC006EE7E9 /* AppDelegate.m */,
				DAD82B3F1C2BF3DC006EE7E9 /* ViewController.h */,
				DAD82B401C2BF3DC006EE7E9 /* ViewController.m */,
				DAD82B421C2BF3DC006EE7E9 /* Main.storyboard */,
				DAD82B451C2BF3DC006EE7E9 /* Assets.xcassets */,
				DAD82B471C2BF3DC006EE7E9 /* LaunchScreen.storyboard */,
				DAD82B4A1C2BF3DC006EE7E9 /* Info.plist */,
				DAD82B391C2BF3DC006EE7E9 /* Supporting Files */,
			);
			path = UIResponderBug;
			sourceTree = "<group>";
		};
		DAD82B391C2BF3DC006EE7E9 /* Supporting Files */ = {
			isa = PBXGroup;
			children = (
				DAD82B3A1C2BF3DC006EE7E9 /* main.m */,
			);
			name = "Supporting Files";
			sourceTree = "<group>";
		};
/* End PBXGroup section */

/* Begin PBXNativeTarget section */
		DAD82B351C2BF3DC006EE7E9 /* UIResponderBug */ = {
			isa = PBXNativeTarget;
			buildConfigurationList = DAD82B4D1C2BF3DC006EE7E9 /* Build configuration list for PBXNativeTarget "UIResponderBug" */;
			buildPhases = (
				DAD82B321C2BF3DC006EE7E9 /* Sources */,
				DAD82B331C2BF3DC006EE7E9 /* Frameworks */,
				DAD82B341C2BF3DC006EE7E9 /* Resources */,
			);
			buildRules = (
			);
			dependencies = (
			);
			name = UIResponderBug;
			productName = UIResponderBug;
			productReference = DAD82B361C2BF3DC006EE7E9 /* UIResponderBug.app */;
			productType = "com.apple.product-type.application";
		};
/* End PBXNativeTarget section */

/* Begin PBXProject section */
		DAD82B2E1C2BF3DC006EE7E9 /* Project object */ = {
			isa = PBXProject;
			attributes = {
				LastUpgradeCheck = 0720;
				ORGANIZATIONNAME = hayashi311;
				TargetAttributes = {
					DAD82B351C2BF3DC006EE7E9 = {
						CreatedOnToolsVersion = 7.2;
					};
				};
			};
			buildConfigurationList = DAD82B311C2BF3DC006EE7E9 /* Build configuration list for PBXProject "UIResponderBug" */;
			compatibilityVersion = "Xcode 3.2";
			developmentRegion = English;
			hasScannedForEncodings = 0;
			knownRegions = (
				en,
				Base,
			);
			mainGroup = DAD82B2D1C2BF3DC006EE7E9;
			productRefGroup = DAD82B371C2BF3DC006EE7E9 /* Products */;
			projectDirPath = "";
			projectRoot = "";
			targets = (
				DAD82B351C2BF3DC006EE7E9 /* UIResponderBug */,
			);
		};
/* End PBXProject section */

/* Begin PBXResourcesBuildPhase section */
		DAD82B341C2BF3DC006EE7E9 /* Resources */ = {
			isa = PBXResourcesBuildPhase;
			buildActionMask = 2147483647;
			files = (
				DAD82B491C2BF3DC006EE7E9 /* LaunchScreen.storyboard in Resources */,
				DAD82B461C2BF3DC006EE7E9 /* Assets.xcassets in Resources */,
				DAD82B441C2BF3DC006EE7E9 /* Main.storyboard in Resources */,
			);
			runOnlyForDeploymentPostprocessing = 0;
		};
/* End PBXResourcesBuildPhase section */

/* Begin PBXSourcesBuildPhase section */
		DAD82B321C2BF3DC006EE7E9 /* Sources */ = {
			isa = PBXSourcesBuildPhase;
			buildActionMask = 2147483647;
			files = (
				DAD82B411C2BF3DC006EE7E9 /* ViewController.m in Sources */,
				DAD82B3E1C2BF3DC006EE7E9 /* AppDelegate.m in Sources */,
				DAD82B3B1C2BF3DC006EE7E9 /* main.m in Sources */,
			);
			runOnlyForDeploymentPostprocessing = 0;
		};
/* End PBXSourcesBuildPhase section */

/* Begin PBXVariantGroup section */
		DAD82B421C2BF3DC006EE7E9 /* Main.storyboard */ = {
			isa = PBXVariantGroup;
			children = (
				DAD82B431C2BF3DC006EE7E9 /* Base */,
			);
			name = Main.storyboard;
			sourceTree = "<group>";
		};
		DAD82B471C2BF3DC006EE7E9 /* LaunchScreen.storyboard */ = {
			isa = PBXVariantGroup;
			children = (
				DAD82B481C2BF3DC006EE7E9 /* Base */,
			);
			name = LaunchScreen.storyboard;
			sourceTree = "<group>";
		};
/* End PBXVariantGroup section */

/* Begin XCBuildConfiguration section */
		DAD82B4B1C2BF3DC006EE7E9 /* Debug */ = {
			isa = XCBuildConfiguration;
			buildSettings = {
				ALWAYS_SEARCH_USER_PATHS = NO;
				CLANG_CXX_LANGUAGE_STANDARD = "gnu++0x";
				CLANG_CXX_LIBRARY = "libc++";
				CLANG_ENABLE_MODULES = YES;
				CLANG_ENABLE_OBJC_ARC = YES;
				CLANG_WARN_BOOL_CONVERSION = YES;
				CLANG_WARN_CONSTANT_CONVERSION = YES;
				CLANG_WARN_DIRECT_OBJC_ISA_USAGE = YES_ERROR;
				CLANG_WARN_EMPTY_BODY = YES;
				CLANG_WARN_ENUM_CONVERSION = YES;
				CLANG_WARN_INT_CONVERSION = YES;
				CLANG_WARN_OBJC_ROOT_CLASS = YES_ERROR;
				CLANG_WARN_UNREACHABLE_CODE = YES;
				CLANG_WARN__DUPLICATE_METHOD_MATCH = YES;
				"CODE_SIGN_IDENTITY[sdk=iphoneos*]" = "iPhone Developer";
				COPY_PHASE_STRIP = NO;
				DEBUG_INFORMATION_FORMAT = dwarf;
				ENABLE_STRICT_OBJC_MSGSEND = YES;
				ENABLE_TESTABILITY = YES;
				GCC_C_LANGUAGE_STANDARD = gnu99;
				GCC_DYNAMIC_NO_PIC = NO;
				GCC_NO_COMMON_BLOCKS = YES;
				GCC_OPTIMIZATION_LEVEL = 0;
				GCC_PREPROCESSOR_DEFINITIONS = (
					"DEBUG=1",
					"$(inherited)",
				);
				GCC_WARN_64_TO_32_BIT_CONVERSION = YES;
				GCC_WARN_ABOUT_RETURN_TYPE = YES_ERROR;
				GCC_WARN_UNDECLARED_SELECTOR = YES;
				GCC_WARN_UNINITIALIZED_AUTOS = YES_AGGRESSIVE;
				GCC_WARN_UNUSED_FUNCTION = YES;
				GCC_WARN_UNUSED_VARIABLE = YES;
				IPHONEOS_DEPLOYMENT_TARGET = 9.2;
				MTL_ENABLE_DEBUG_INFO = YES;
				ONLY_ACTIVE_ARCH = YES;
				SDKROOT = iphoneos;
			};
			name = Debug;
		};
		DAD82B4C1C2BF3DC006EE7E9 /* Release */ = {
			isa = XCBuildConfiguration;
			buildSettings = {
				ALWAYS_SEARCH_USER_PATHS = NO;
				CLANG_CXX_LANGUAGE_STANDARD = "gnu++0x";
				CLANG_CXX_LIBRARY = "libc++";
				CLANG_ENABLE_MODULES = YES;
				CLANG_ENABLE_OBJC_ARC = YES;
				CLANG_WARN_BOOL_CONVERSION = YES;
				CLANG_WARN_CONSTANT_CONVERSION = YES;
				CLANG_WARN_DIRECT_OBJC_ISA_USAGE = YES_ERROR;
				CLANG_WARN_EMPTY_BODY = YES;
				CLANG_WARN_ENUM_CONVERSION = YES;
				CLANG_WARN_INT_CONVERSION = YES;
				CLANG_WARN_OBJC_ROOT_CLASS = YES_ERROR;
				CLANG_WARN_UNREACHABLE_CODE = YES;
				CLANG_WARN__DUPLICATE_METHOD_MATCH = YES;
				"CODE_SIGN_IDENTITY[sdk=iphoneos*]" = "iPhone Developer";
				COPY_PHASE_STRIP = NO;
				DEBUG_INFORMATION_FORMAT = "dwarf-with-dsym";
				ENABLE_NS_ASSERTIONS = NO;
				ENABLE_STRICT_OBJC_MSGSEND = YES;
				GCC_C_LANGUAGE_STANDARD = gnu99;
				GCC_NO_COMMON_BLOCKS = YES;
				GCC_WARN_64_TO_32_BIT_CONVERSION = YES;
				GCC_WARN_ABOUT_RETURN_TYPE = YES_ERROR;
				GCC_WARN_UNDECLARED_SELECTOR = YES;
				GCC_WARN_UNINITIALIZED_AUTOS = YES_AGGRESSIVE;
				GCC_WARN_UNUSED_FUNCTION = YES;
				GCC_WARN_UNUSED_VARIABLE = YES;
				IPHONEOS_DEPLOYMENT_TARGET = 9.2;
				MTL_ENABLE_DEBUG_INFO = NO;
				SDKROOT = iphoneos;
				VALIDATE_PRODUCT = YES;
			};
			name = Release;
		};
		DAD82B4E1C2BF3DC006EE7E9 /* Debug */ = {
			isa = XCBuildConfiguration;
			buildSettings = {
				ASSETCATALOG_COMPILER_APPICON_NAME = AppIcon;
				INFOPLIST_FILE = UIResponderBug/Info.plist;
				LD_RUNPATH_SEARCH_PATHS = "$(inherited) @executable_path/Frameworks";
				PRODUCT_BUNDLE_IDENTIFIER = hayashi11.UIResponderBug;
				PRODUCT_NAME = "$(TARGET_NAME)";
			};
			name = Debug;
		};
		DAD82B4F1C2BF3DC006EE7E9 /* Release */ = {
			isa = XCBuildConfiguration;
			buildSettings = {
				ASSETCATALOG_COMPILER_APPICON_NAME = AppIcon;
				INFOPLIST_FILE = UIResponderBug/Info.plist;
				LD_RUNPATH_SEARCH_PATHS = "$(inherited) @executable_path/Frameworks";
				PRODUCT_BUNDLE_IDENTIFIER = hayashi11.UIResponderBug;
				PRODUCT_NAME = "$(TARGET_NAME)";
			};
			name = Release;
		};
/* End XCBuildConfiguration section */

/* Begin XCConfigurationList section */
		DAD82B311C2BF3DC006EE7E9 /* Build configuration list for PBXProject "UIResponderBug" */ = {
			isa = XCConfigurationList;
			buildConfigurations = (
				DAD82B4B1C2BF3DC006EE7E9 /* Debug */,
				DAD82B4C1C2BF3DC006EE7E9 /* Release */,
			);
			defaultConfigurationIsVisible = 0;
			defaultConfigurationName = Release;
		};
		DAD82B4D1C2BF3DC006EE7E9 /* Build configuration list for PBXNativeTarget "UIResponderBug" */ = {
			isa = XCConfigurationList;
			buildConfigurations = (
				DAD82B4E1C2BF3DC006EE7E9 /* Debug */,
				DAD82B4F1C2BF3DC006EE7E9 /* Release */,
			);
			defaultConfigurationIsVisible = 0;
		};
/* End XCConfigurationList section */
	};
	rootObject = DAD82B2E1C2BF3DC006EE7E9 /* Project object */;
}
